
Microsoft Visual Studio Solution File, Format Version 12.00
# Visual Studio Version 17
VisualStudioVersion = 17.3.32929.385
MinimumVisualStudioVersion = 10.0.40219.1
Project("{FAE04EC0-301F-11D3-BF4B-00C04F79EFBC}") = "MFRA", "MFRA\MFRA.csproj", "{69CA3474-C093-47C9-A948-64AFB843A577}"
EndProject
Global
	GlobalSection(SolutionConfigurationPlatforms) = preSolution
		Debug|Any CPU = Debug|Any CPU
		Release|Any CPU = Release|Any CPU
	EndGlobalSection
	GlobalSection(ProjectConfigurationPlatforms) = postSolution
		{69CA3474-C093-47C9-A948-64AFB843A577}.Debug|Any CPU.ActiveCfg = Debug|Any CPU
		{69CA3474-C093-47C9-A948-64AFB843A577}.Debug|Any CPU.Build.0 = Debug|Any CPU
		{69CA3474-C093-47C9-A948-64AFB843A577}.Release|Any CPU.ActiveCfg = Release|Any CPU
		{69CA3474-C093-47C9-A948-64AFB843A577}.Release|Any CPU.Build.0 = Release|Any CPU
	EndGlobalSection
	GlobalSection(SolutionProperties) = preSolution
		HideSolutionNode = FALSE
	EndGlobalSection
	GlobalSection(ExtensibilityGlobals) = postSolution
		SolutionGuid = {F3FE88C9-1F2D-46B7-A2DD-EA91ED6C61CB}
	EndGlobalSection
EndGlobal
